<?xml version="1.0" encoding="utf-8"?>
<Project ToolsVersion="4.0" xmlns="http://schemas.microsoft.com/developer/msbuild/2003">
  <ItemGroup>
    <Filter Include="Arquivos de Origem">
      <UniqueIdentifier>{4FC737F1-C7A5-4376-A066-2A32D752A2FF}</UniqueIdentifier>
      <Extensions>cpp;c;cc;cxx;c++;cppm;ixx;def;odl;idl;hpj;bat;asm;asmx</Extensions>
    </Filter>
    <Filter Include="Arquivos de Cabeçalho">
      <UniqueIdentifier>{93995380-89BD-4b04-88EB-625FBE52EBFB}</UniqueIdentifier>
      <Extensions>h;hh;hpp;hxx;h++;hm;inl;inc;ipp;xsd</Extensions>
    </Filter>
    <Filter Include="Arquivos de Recurso">
      <UniqueIdentifier>{67DA6AB6-F800-4c08-8B7A-83BB121AAD01}</UniqueIdentifier>
      <Extensions>rc;ico;cur;bmp;dlg;rc2;rct;bin;rgs;gif;jpg;jpeg;jpe;resx;tiff;tif;png;wav;mfcribbon-ms</Extensions>
    </Filter>
    <Filter Include="Arquivos de Cabeçalho\Gerenciadores">
      <UniqueIdentifier>{21531cf2-921d-40c0-beb3-9aed58b6059a}</UniqueIdentifier>
    </Filter>
    <Filter Include="Arquivos de Origem\Gerenciadores">
      <UniqueIdentifier>{ab499169-744b-4f31-b7e5-2699dd6718fc}</UniqueIdentifier>
    </Filter>
    <Filter Include="Arquivos de Cabeçalho\Mundo">
      <UniqueIdentifier>{312c07de-3a5f-41a1-bb45-400c51eb343d}</UniqueIdentifier>
    </Filter>
    <Filter Include="Arquivos de Cabeçalho\Fases">
      <UniqueIdentifier>{01a3e458-8f62-4191-afca-d3e055c17057}</UniqueIdentifier>
    </Filter>
    <Filter Include="Arquivos de Cabeçalho\Elementos_Graficos">
      <UniqueIdentifier>{be1cf4f1-bb63-4b6f-a4cd-45abf4497e19}</UniqueIdentifier>
    </Filter>
    <Filter Include="Arquivos de Origem\Elementos_Graficos">
      <UniqueIdentifier>{8f6850dd-8ea5-487f-b911-c6245dcd4175}</UniqueIdentifier>
    </Filter>
    <Filter Include="Arquivos de Cabeçalho\Listas">
      <UniqueIdentifier>{7cac8cf1-a5dc-46d1-80b6-8b4b543e91f9}</UniqueIdentifier>
    </Filter>
    <Filter Include="Arquivos de Origem\Lista">
      <UniqueIdentifier>{531fdbd0-14ca-4645-b25d-fa3427010deb}</UniqueIdentifier>
    </Filter>
    <Filter Include="Arquivos de Origem\Fase">
      <UniqueIdentifier>{401acaca-770b-4a35-a325-933476176064}</UniqueIdentifier>
    </Filter>
    <Filter Include="Arquivos de Origem\Entidade">
      <UniqueIdentifier>{8de3fac8-a9d7-492a-aa3c-597bd40f8919}</UniqueIdentifier>
    </Filter>
    <Filter Include="Arquivos de Origem\Entidade\Personagens">
      <UniqueIdentifier>{29baa9ba-20e8-4e19-b050-d505a800e272}</UniqueIdentifier>
    </Filter>
    <Filter Include="Arquivos de Cabeçalho\Entidade">
      <UniqueIdentifier>{ad96659c-820a-42b8-889e-bb0872b0b426}</UniqueIdentifier>
    </Filter>
    <Filter Include="Arquivos de Cabeçalho\Entidade\Personagem">
      <UniqueIdentifier>{7e57ae22-ba55-4fcd-a2f9-3387d5f68653}</UniqueIdentifier>
    </Filter>
    <Filter Include="Arquivos de Cabeçalho\Menus">
      <UniqueIdentifier>{f94f0be8-659a-4b8a-9bd7-a16f1e0be25a}</UniqueIdentifier>
    </Filter>
    <Filter Include="Arquivos de Cabeçalho\Menus\Botao">
      <UniqueIdentifier>{7f0d0181-3edd-4b80-b477-eeed3415e90e}</UniqueIdentifier>
    </Filter>
    <Filter Include="Arquivos de Origem\Menu">
      <UniqueIdentifier>{ccd0a33f-1b5d-4860-ba2e-bb9da9ca1658}</UniqueIdentifier>
    </Filter>
    <Filter Include="Arquivos de Origem\Menu\Botao">
      <UniqueIdentifier>{5dee9c12-1f2f-4f1e-80fb-3d0a7df29b57}</UniqueIdentifier>
    </Filter>
    <Filter Include="Arquivos de Origem\Mundo">
      <UniqueIdentifier>{5a9db27e-ed97-44e3-9371-a0ee893d73df}</UniqueIdentifier>
    </Filter>
    <Filter Include="Arquivos de Cabeçalho\Projeteis">
      <UniqueIdentifier>{13d64755-567d-42cf-ab7d-2bde5bef294c}</UniqueIdentifier>
    </Filter>
  </ItemGroup>
  <ItemGroup>
    <ClCompile Include="Jogo_TecProg.cpp">
      <Filter>Arquivos de Origem</Filter>
    </ClCompile>
    <ClCompile Include="Jogo.cpp">
      <Filter>Arquivos de Origem</Filter>
    </ClCompile>
    <ClCompile Include="Inimigo.cpp">
      <Filter>Arquivos de Origem\Entidade\Personagens</Filter>
    </ClCompile>
    <ClCompile Include="Jogador.cpp">
      <Filter>Arquivos de Origem\Entidade\Personagens</Filter>
    </ClCompile>
    <ClCompile Include="Personagem.cpp">
      <Filter>Arquivos de Origem\Entidade\Personagens</Filter>
    </ClCompile>
    <ClCompile Include="Gerenciador_Grafico.cpp">
      <Filter>Arquivos de Origem\Gerenciadores</Filter>
    </ClCompile>
    <ClCompile Include="Animacao.cpp">
      <Filter>Arquivos de Origem\Elementos_Graficos</Filter>
    </ClCompile>
    <ClCompile Include="Gerenciador_Eventos.cpp">
      <Filter>Arquivos de Origem\Gerenciadores</Filter>
    </ClCompile>
    <ClCompile Include="ListaEntidades.cpp">
      <Filter>Arquivos de Origem\Lista</Filter>
    </ClCompile>
    <ClCompile Include="Fase.cpp">
      <Filter>Arquivos de Origem\Fase</Filter>
    </ClCompile>
    <ClCompile Include="Entidade.cpp">
      <Filter>Arquivos de Origem\Entidade</Filter>
    </ClCompile>
    <ClCompile Include="Menu.cpp">
      <Filter>Arquivos de Origem\Menu</Filter>
    </ClCompile>
    <ClCompile Include="Botao.cpp">
      <Filter>Arquivos de Origem\Menu\Botao</Filter>
    </ClCompile>
    <ClCompile Include="AnimatedText.cpp">
      <Filter>Arquivos de Origem\Menu\Botao</Filter>
    </ClCompile>
    <ClCompile Include="Text.cpp">
      <Filter>Arquivos de Origem\Menu\Botao</Filter>
    </ClCompile>
    <ClCompile Include="Ente.cpp">
      <Filter>Arquivos de Origem\Mundo</Filter>
    </ClCompile>
    <ClCompile Include="Projeteis.cpp">
      <Filter>Arquivos de Origem</Filter>
    </ClCompile>
    <ClCompile Include="MainMenu.cpp">
      <Filter>Arquivos de Origem</Filter>
    </ClCompile>
    <ClCompile Include="Background.cpp">
      <Filter>Arquivos de Origem</Filter>
    </ClCompile>
    <ClCompile Include="Layer.cpp">
      <Filter>Arquivos de Origem</Filter>
    </ClCompile>
  </ItemGroup>
  <ItemGroup>
    <ClInclude Include="Jogo.h">
      <Filter>Arquivos de Cabeçalho</Filter>
    </ClInclude>
    <ClInclude Include="Inimigo.h">
      <Filter>Arquivos de Cabeçalho\Entidade\Personagem</Filter>
    </ClInclude>
    <ClInclude Include="Jogador.h">
      <Filter>Arquivos de Cabeçalho\Entidade\Personagem</Filter>
    </ClInclude>
    <ClInclude Include="Personagem.h">
      <Filter>Arquivos de Cabeçalho\Entidade\Personagem</Filter>
    </ClInclude>
    <ClInclude Include="Ente.h">
      <Filter>Arquivos de Cabeçalho\Mundo</Filter>
    </ClInclude>
    <ClInclude Include="Gerenciador_Grafico.h">
      <Filter>Arquivos de Cabeçalho\Gerenciadores</Filter>
    </ClInclude>
    <ClInclude Include="Fase.h">
      <Filter>Arquivos de Cabeçalho\Fases</Filter>
    </ClInclude>
    <ClInclude Include="Animacao.h">
      <Filter>Arquivos de Cabeçalho\Elementos_Graficos</Filter>
    </ClInclude>
    <ClInclude Include="resource.h">
      <Filter>Arquivos de Cabeçalho</Filter>
    </ClInclude>
    <ClInclude Include="Gerenciador_Eventos.h">
      <Filter>Arquivos de Cabeçalho\Gerenciadores</Filter>
    </ClInclude>
    <ClInclude Include="Elemento.h">
      <Filter>Arquivos de Cabeçalho\Listas</Filter>
    </ClInclude>
    <ClInclude Include="ListaEntidades.h">
      <Filter>Arquivos de Cabeçalho\Listas</Filter>
    </ClInclude>
    <ClInclude Include="Entidade.h">
      <Filter>Arquivos de Cabeçalho\Entidade</Filter>
    </ClInclude>
    <ClInclude Include="Lista.h">
      <Filter>Arquivos de Cabeçalho\Listas</Filter>
    </ClInclude>
    <ClInclude Include="IDs.h">
      <Filter>Arquivos de Cabeçalho</Filter>
    </ClInclude>
    <ClInclude Include="Menu.h">
      <Filter>Arquivos de Cabeçalho\Menus</Filter>
    </ClInclude>
    <ClInclude Include="Botao.h">
      <Filter>Arquivos de Cabeçalho\Menus\Botao</Filter>
    </ClInclude>
    <ClInclude Include="Text.h">
      <Filter>Arquivos de Cabeçalho\Menus\Botao</Filter>
    </ClInclude>
    <ClInclude Include="AnimatedText.h">
      <Filter>Arquivos de Cabeçalho\Menus\Botao</Filter>
    </ClInclude>
    <ClInclude Include="Projeteis.h">
      <Filter>Arquivos de Cabeçalho</Filter>
    </ClInclude>
    <ClInclude Include="MainMenu.h">
      <Filter>Arquivos de Cabeçalho</Filter>
    </ClInclude>
    <ClInclude Include="Background.h">
      <Filter>Arquivos de Cabeçalho</Filter>
    </ClInclude>
    <ClInclude Include="Layer.h">
      <Filter>Arquivos de Cabeçalho</Filter>
    </ClInclude>
  </ItemGroup>
  <ItemGroup>
    <ResourceCompile Include="Jogo_TecProg.rc">
      <Filter>Arquivos de Recurso</Filter>
    </ResourceCompile>
  </ItemGroup>
</Project>