<?xml version="1.0" encoding="utf-8"?>
<Project ToolsVersion="4.0" xmlns="http://schemas.microsoft.com/developer/msbuild/2003">
  <ItemGroup>
    <Filter Include="Arquivos de Origem">
      <UniqueIdentifier>{4FC737F1-C7A5-4376-A066-2A32D752A2FF}</UniqueIdentifier>
      <Extensions>cpp;c;cc;cxx;c++;cppm;ixx;def;odl;idl;hpj;bat;asm;asmx</Extensions>
    </Filter>
    <Filter Include="Arquivos de Cabeçalho">
      <UniqueIdentifier>{93995380-89BD-4b04-88EB-625FBE52EBFB}</UniqueIdentifier>
      <Extensions>h;hh;hpp;hxx;h++;hm;inl;inc;ipp;xsd</Extensions>
    </Filter>
    <Filter Include="Arquivos de Recurso">
      <UniqueIdentifier>{67DA6AB6-F800-4c08-8B7A-83BB121AAD01}</UniqueIdentifier>
      <Extensions>rc;ico;cur;bmp;dlg;rc2;rct;bin;rgs;gif;jpg;jpeg;jpe;resx;tiff;tif;png;wav;mfcribbon-ms</Extensions>
    </Filter>
    <Filter Include="Arquivos de Origem\Personagens">
      <UniqueIdentifier>{29baa9ba-20e8-4e19-b050-d505a800e272}</UniqueIdentifier>
    </Filter>
    <Filter Include="Arquivos de Origem\Gerador">
      <UniqueIdentifier>{8de3fac8-a9d7-492a-aa3c-597bd40f8919}</UniqueIdentifier>
    </Filter>
    <Filter Include="Arquivos de Cabeçalho\Personagem">
      <UniqueIdentifier>{7e57ae22-ba55-4fcd-a2f9-3387d5f68653}</UniqueIdentifier>
    </Filter>
    <Filter Include="Arquivos de Cabeçalho\Gerenciadores">
      <UniqueIdentifier>{21531cf2-921d-40c0-beb3-9aed58b6059a}</UniqueIdentifier>
    </Filter>
    <Filter Include="Arquivos de Origem\Gerenciadores">
      <UniqueIdentifier>{ab499169-744b-4f31-b7e5-2699dd6718fc}</UniqueIdentifier>
    </Filter>
    <Filter Include="Arquivos de Cabeçalho\Matematica">
      <UniqueIdentifier>{929a6cc1-2bbf-4513-90d4-6bd1bdf401d3}</UniqueIdentifier>
    </Filter>
    <Filter Include="Arquivos de Cabeçalho\Mundo">
      <UniqueIdentifier>{312c07de-3a5f-41a1-bb45-400c51eb343d}</UniqueIdentifier>
    </Filter>
    <Filter Include="Arquivos de Cabeçalho\Fases">
      <UniqueIdentifier>{01a3e458-8f62-4191-afca-d3e055c17057}</UniqueIdentifier>
    </Filter>
    <Filter Include="Arquivos de Cabeçalho\Elementos_Graficos">
      <UniqueIdentifier>{be1cf4f1-bb63-4b6f-a4cd-45abf4497e19}</UniqueIdentifier>
    </Filter>
    <Filter Include="Arquivos de Origem\Elementos_Graficos">
      <UniqueIdentifier>{8f6850dd-8ea5-487f-b911-c6245dcd4175}</UniqueIdentifier>
    </Filter>
  </ItemGroup>
  <ItemGroup>
    <ClCompile Include="Jogo_TecProg.cpp">
      <Filter>Arquivos de Origem</Filter>
    </ClCompile>
    <ClCompile Include="Jogo.cpp">
      <Filter>Arquivos de Origem</Filter>
    </ClCompile>
    <ClCompile Include="ListaEntidades.cpp">
      <Filter>Arquivos de Origem</Filter>
    </ClCompile>
    <ClCompile Include="Fase.cpp">
      <Filter>Arquivos de Origem</Filter>
    </ClCompile>
    <ClCompile Include="Inimigo.cpp">
      <Filter>Arquivos de Origem\Personagens</Filter>
    </ClCompile>
    <ClCompile Include="Jogador.cpp">
      <Filter>Arquivos de Origem\Personagens</Filter>
    </ClCompile>
    <ClCompile Include="Entidade.cpp">
      <Filter>Arquivos de Origem\Gerador</Filter>
    </ClCompile>
    <ClCompile Include="Personagem.cpp">
      <Filter>Arquivos de Origem\Personagens</Filter>
    </ClCompile>
    <ClCompile Include="Ente.cpp">
      <Filter>Arquivos de Origem</Filter>
    </ClCompile>
    <ClCompile Include="Gerenciador_Grafico.cpp">
      <Filter>Arquivos de Origem\Gerenciadores</Filter>
    </ClCompile>
    <ClCompile Include="Animacao.cpp">
      <Filter>Arquivos de Origem\Elementos_Graficos</Filter>
    </ClCompile>
    <ClCompile Include="SingleFrameAnimation.cpp">
      <Filter>Arquivos de Origem\Elementos_Graficos</Filter>
    </ClCompile>
    <ClCompile Include="SingleAnimation.cpp">
      <Filter>Arquivos de Origem\Elementos_Graficos</Filter>
    </ClCompile>
    <ClCompile Include="MultiFrameAnimation.cpp">
      <Filter>Arquivos de Origem\Elementos_Graficos</Filter>
    </ClCompile>
  </ItemGroup>
  <ItemGroup>
    <ClInclude Include="Jogo.h">
      <Filter>Arquivos de Cabeçalho</Filter>
    </ClInclude>
    <ClInclude Include="Entidade.h">
      <Filter>Arquivos de Cabeçalho</Filter>
    </ClInclude>
    <ClInclude Include="Elemento.h">
      <Filter>Arquivos de Cabeçalho</Filter>
    </ClInclude>
    <ClInclude Include="Lista.h">
      <Filter>Arquivos de Cabeçalho</Filter>
    </ClInclude>
    <ClInclude Include="ListaEntidades.h">
      <Filter>Arquivos de Cabeçalho</Filter>
    </ClInclude>
    <ClInclude Include="Inimigo.h">
      <Filter>Arquivos de Cabeçalho\Personagem</Filter>
    </ClInclude>
    <ClInclude Include="Jogador.h">
      <Filter>Arquivos de Cabeçalho\Personagem</Filter>
    </ClInclude>
    <ClInclude Include="CoordenadaTL.h">
      <Filter>Arquivos de Cabeçalho\Matematica</Filter>
    </ClInclude>
    <ClInclude Include="Personagem.h">
      <Filter>Arquivos de Cabeçalho\Personagem</Filter>
    </ClInclude>
    <ClInclude Include="Ente.h">
      <Filter>Arquivos de Cabeçalho\Mundo</Filter>
    </ClInclude>
    <ClInclude Include="Gerenciador_Grafico.h">
      <Filter>Arquivos de Cabeçalho\Gerenciadores</Filter>
    </ClInclude>
    <ClInclude Include="Fase.h">
      <Filter>Arquivos de Cabeçalho\Fases</Filter>
    </ClInclude>
    <ClInclude Include="Animacao.h">
      <Filter>Arquivos de Cabeçalho\Elementos_Graficos</Filter>
    </ClInclude>
    <ClInclude Include="SingleFrameAnimation.h">
      <Filter>Arquivos de Cabeçalho\Elementos_Graficos</Filter>
    </ClInclude>
    <ClInclude Include="resource.h">
      <Filter>Arquivos de Cabeçalho</Filter>
    </ClInclude>
    <ClInclude Include="SingleAnimation.h">
      <Filter>Arquivos de Cabeçalho\Elementos_Graficos</Filter>
    </ClInclude>
    <ClInclude Include="MultiFrameAnimation.h">
      <Filter>Arquivos de Cabeçalho\Elementos_Graficos</Filter>
    </ClInclude>
  </ItemGroup>
  <ItemGroup>
    <ResourceCompile Include="Jogo_TecProg.rc">
      <Filter>Arquivos de Recurso</Filter>
    </ResourceCompile>
  </ItemGroup>
</Project>